
Microsoft Visual Studio Solution File, Format Version 12.00
# Visual Studio Version 16
VisualStudioVersion = 16.0.31105.61
MinimumVisualStudioVersion = 10.0.40219.1
Project("{FAE04EC0-301F-11D3-BF4B-00C04F79EFBC}") = "clinic", "clinic.csproj", "{BEDA19BC-611E-4F1B-B7A5-43ED693C8109}"
EndProject
Global
	GlobalSection(SolutionConfigurationPlatforms) = preSolution
		Debug|Any CPU = Debug|Any CPU
		Release|Any CPU = Release|Any CPU
	EndGlobalSection
	GlobalSection(ProjectConfigurationPlatforms) = postSolution
		{BEDA19BC-611E-4F1B-B7A5-43ED693C8109}.Debug|Any CPU.ActiveCfg = Debug|Any CPU
		{BEDA19BC-611E-4F1B-B7A5-43ED693C8109}.Debug|Any CPU.Build.0 = Debug|Any CPU
		{BEDA19BC-611E-4F1B-B7A5-43ED693C8109}.Release|Any CPU.ActiveCfg = Release|Any CPU
		{BEDA19BC-611E-4F1B-B7A5-43ED693C8109}.Release|Any CPU.Build.0 = Release|Any CPU
	EndGlobalSection
	GlobalSection(SolutionProperties) = preSolution
		HideSolutionNode = FALSE
	EndGlobalSection
	GlobalSection(ExtensibilityGlobals) = postSolution
		SolutionGuid = {5DA99F34-CFD9-4EAA-A386-E786978C86C3}
	EndGlobalSection
EndGlobal
